
Microsoft Visual Studio Solution File, Format Version 12.00
# Visual Studio Version 16
VisualStudioVersion = 16.0.30711.63
MinimumVisualStudioVersion = 10.0.40219.1
Project("{FAE04EC0-301F-11D3-BF4B-00C04F79EFBC}") = "WebMvc", "WebMvc\WebMvc.csproj", "{53078426-3F10-425F-84B6-07830EB28FFE}"
EndProject
Global
	GlobalSection(SolutionConfigurationPlatforms) = preSolution
		Debug|Any CPU = Debug|Any CPU
		Release|Any CPU = Release|Any CPU
	EndGlobalSection
	GlobalSection(ProjectConfigurationPlatforms) = postSolution
		{53078426-3F10-425F-84B6-07830EB28FFE}.Debug|Any CPU.ActiveCfg = Debug|Any CPU
		{53078426-3F10-425F-84B6-07830EB28FFE}.Debug|Any CPU.Build.0 = Debug|Any CPU
		{53078426-3F10-425F-84B6-07830EB28FFE}.Release|Any CPU.ActiveCfg = Release|Any CPU
		{53078426-3F10-425F-84B6-07830EB28FFE}.Release|Any CPU.Build.0 = Release|Any CPU
	EndGlobalSection
	GlobalSection(SolutionProperties) = preSolution
		HideSolutionNode = FALSE
	EndGlobalSection
	GlobalSection(ExtensibilityGlobals) = postSolution
		SolutionGuid = {3A286CD4-48D7-4B6B-A6E8-654304EA6FCB}
	EndGlobalSection
EndGlobal
